lockfileVersion: '6.0'

settings:
  autoInstallPeers: true
  excludeLinksFromLockfile: false

dependencies:
  '@discordjs/rest':
    specifier: ^2.3.0
    version: 2.3.0
  '@sentry/cli':
    specifier: ^2.33.0
    version: 2.33.0
  '@sentry/node':
    specifier: ^8.20.0
    version: 8.20.0
  '@sentry/profiling-node':
    specifier: ^8.20.0
    version: 8.20.0
  '@types/fuzzy-search':
    specifier: ^2.1.2
    version: 2.1.5
  dayjs:
    specifier: ^1.11.12
    version: 1.11.12
  discord-api-types:
    specifier: ^0.37.93
    version: 0.37.93
  discord.js:
    specifier: ^14.15.3
    version: 14.15.3
  dotenv:
    specifier: ^16.4.5
    version: 16.4.5
  fuzzy-search:
    specifier: ^3.2.1
    version: 3.2.1
  kleur:
    specifier: ^4.1.5
    version: 4.1.5
  murmurhash:
    specifier: ^2.0.1
    version: 2.0.1
  tiny-invariant:
    specifier: ^1.3.3
    version: 1.3.3
  tslib:
    specifier: ^2.4.0
    version: 2.6.3
  undici:
    specifier: ^6.19.4
    version: 6.19.4
  yaml:
    specifier: ^2.5.0
    version: 2.5.0

devDependencies:
  '@splatterxl/tsconfig':
    specifier: 1.1.1
    version: 1.1.1
  '@types/node':
    specifier: 22.0.0
    version: 22.0.0
  nodemon:
    specifier: ^3.1.4
    version: 3.1.4
  typescript:
    specifier: ^5.5.4
    version: 5.5.4

packages:

  /@discordjs/builders@1.8.2:
    resolution: {integrity: sha512-6wvG3QaCjtMu0xnle4SoOIeFB4y6fKMN6WZfy3BMKJdQQtPLik8KGzDwBVL/+wTtcE/ZlFjgEk74GublyEVZ7g==}
    engines: {node: '>=16.11.0'}
    dependencies:
      '@discordjs/formatters': 0.4.0
      '@discordjs/util': 1.1.0
      '@sapphire/shapeshift': 3.9.7
      discord-api-types: 0.37.83
      fast-deep-equal: 3.1.3
      ts-mixer: 6.0.4
      tslib: 2.6.3
    dev: false

  /@discordjs/collection@1.5.3:
    resolution: {integrity: sha512-SVb428OMd3WO1paV3rm6tSjM4wC+Kecaa1EUGX7vc6/fddvw/6lg90z4QtCqm21zvVe92vMMDt9+DkIvjXImQQ==}
    engines: {node: '>=16.11.0'}
    dev: false

  /@discordjs/collection@2.1.0:
    resolution: {integrity: sha512-mLcTACtXUuVgutoznkh6hS3UFqYirDYAg5Dc1m8xn6OvPjetnUlf/xjtqnnc47OwWdaoCQnHmHh9KofhD6uRqw==}
    engines: {node: '>=18'}
    dev: false

  /@discordjs/formatters@0.4.0:
    resolution: {integrity: sha512-fJ06TLC1NiruF35470q3Nr1bi95BdvKFAF+T5bNfZJ4bNdqZ3VZ+Ttg6SThqTxm6qumSG3choxLBHMC69WXNXQ==}
    engines: {node: '>=16.11.0'}
    dependencies:
      discord-api-types: 0.37.83
    dev: false

  /@discordjs/rest@2.3.0:
    resolution: {integrity: sha512-C1kAJK8aSYRv3ZwMG8cvrrW4GN0g5eMdP8AuN8ODH5DyOCbHgJspze1my3xHOAgwLJdKUbWNVyAeJ9cEdduqIg==}
    engines: {node: '>=16.11.0'}
    dependencies:
      '@discordjs/collection': 2.1.0
      '@discordjs/util': 1.1.0
      '@sapphire/async-queue': 1.5.3
      '@sapphire/snowflake': 3.5.3
      '@vladfrangu/async_event_emitter': 2.4.4
      discord-api-types: 0.37.83
      magic-bytes.js: 1.10.0
      tslib: 2.6.3
      undici: 6.13.0
    dev: false

  /@discordjs/util@1.1.0:
    resolution: {integrity: sha512-IndcI5hzlNZ7GS96RV3Xw1R2kaDuXEp7tRIy/KlhidpN/BQ1qh1NZt3377dMLTa44xDUNKT7hnXkA/oUAzD/lg==}
    engines: {node: '>=16.11.0'}
    dev: false

  /@discordjs/ws@1.1.1:
    resolution: {integrity: sha512-PZ+vLpxGCRtmr2RMkqh8Zp+BenUaJqlS6xhgWKEZcgC/vfHLEzpHtKkB0sl3nZWpwtcKk6YWy+pU3okL2I97FA==}
    engines: {node: '>=16.11.0'}
    dependencies:
      '@discordjs/collection': 2.1.0
      '@discordjs/rest': 2.3.0
      '@discordjs/util': 1.1.0
      '@sapphire/async-queue': 1.5.3
      '@types/ws': 8.5.12
      '@vladfrangu/async_event_emitter': 2.4.4
      discord-api-types: 0.37.83
      tslib: 2.6.3
      ws: 8.18.0
    transitivePeerDependencies:
      - bufferutil
      - utf-8-validate
    dev: false

  /@opentelemetry/api-logs@0.52.1:
    resolution: {integrity: sha512-qnSqB2DQ9TPP96dl8cDubDvrUyWc0/sK81xHTK8eSUspzDM3bsewX903qclQFvVhgStjRWdC5bLb3kQqMkfV5A==}
    engines: {node: '>=14'}
    dependencies:
      '@opentelemetry/api': 1.9.0
    dev: false

  /@opentelemetry/api@1.9.0:
    resolution: {integrity: sha512-3giAOQvZiH5F9bMlMiv8+GSPMeqg0dbaeo58/0SlA9sxSqZhnUtxzX9/2FzyhS9sWQf5S0GJE0AKBrFqjpeYcg==}
    engines: {node: '>=8.0.0'}
    dev: false

  /@opentelemetry/context-async-hooks@1.25.1(@opentelemetry/api@1.9.0):
    resolution: {integrity: sha512-UW/ge9zjvAEmRWVapOP0qyCvPulWU6cQxGxDbWEFfGOj1VBBZAuOqTo3X6yWmDTD3Xe15ysCZChHncr2xFMIfQ==}
    engines: {node: '>=14'}
    peerDependencies:
      '@opentelemetry/api': '>=1.0.0 <1.10.0'
    dependencies:
      '@opentelemetry/api': 1.9.0
    dev: false

  /@opentelemetry/core@1.25.1(@opentelemetry/api@1.9.0):
    resolution: {integrity: sha512-GeT/l6rBYWVQ4XArluLVB6WWQ8flHbdb6r2FCHC3smtdOAbrJBIv35tpV/yp9bmYUJf+xmZpu9DRTIeJVhFbEQ==}
    engines: {node: '>=14'}
    peerDependencies:
      '@opentelemetry/api': '>=1.0.0 <1.10.0'
    dependencies:
      '@opentelemetry/api': 1.9.0
      '@opentelemetry/semantic-conventions': 1.25.1
    dev: false

  /@opentelemetry/instrumentation-connect@0.38.0(@opentelemetry/api@1.9.0):
    resolution: {integrity: sha512-2/nRnx3pjYEmdPIaBwtgtSviTKHWnDZN3R+TkRUnhIVrvBKVcq+I5B2rtd6mr6Fe9cHlZ9Ojcuh7pkNh/xdWWg==}
    engines: {node: '>=14'}
    peerDependencies:
      '@opentelemetry/api': ^1.3.0
    dependencies:
      '@opentelemetry/api': 1.9.0
      '@opentelemetry/core': 1.25.1(@opentelemetry/api@1.9.0)
      '@opentelemetry/instrumentation': 0.52.1(@opentelemetry/api@1.9.0)
      '@opentelemetry/semantic-conventions': 1.25.1
      '@types/connect': 3.4.36
    transitivePeerDependencies:
      - supports-color
    dev: false

  /@opentelemetry/instrumentation-express@0.41.0(@opentelemetry/api@1.9.0):
    resolution: {integrity: sha512-/B7fbMdaf3SYe5f1P973tkqd6s7XZirjpfkoJ63E7nltU30qmlgm9tY5XwZOzAFI0rHS9tbrFI2HFPAvQUFe/A==}
    engines: {node: '>=14'}
    peerDependencies:
      '@opentelemetry/api': ^1.3.0
    dependencies:
      '@opentelemetry/api': 1.9.0
      '@opentelemetry/core': 1.25.1(@opentelemetry/api@1.9.0)
      '@opentelemetry/instrumentation': 0.52.1(@opentelemetry/api@1.9.0)
      '@opentelemetry/semantic-conventions': 1.25.1
    transitivePeerDependencies:
      - supports-color
    dev: false

  /@opentelemetry/instrumentation-fastify@0.38.0(@opentelemetry/api@1.9.0):
    resolution: {integrity: sha512-HBVLpTSYpkQZ87/Df3N0gAw7VzYZV3n28THIBrJWfuqw3Or7UqdhnjeuMIPQ04BKk3aZc0cWn2naSQObbh5vXw==}
    engines: {node: '>=14'}
    peerDependencies:
      '@opentelemetry/api': ^1.3.0
    dependencies:
      '@opentelemetry/api': 1.9.0
      '@opentelemetry/core': 1.25.1(@opentelemetry/api@1.9.0)
      '@opentelemetry/instrumentation': 0.52.1(@opentelemetry/api@1.9.0)
      '@opentelemetry/semantic-conventions': 1.25.1
    transitivePeerDependencies:
      - supports-color
    dev: false

  /@opentelemetry/instrumentation-graphql@0.42.0(@opentelemetry/api@1.9.0):
    resolution: {integrity: sha512-N8SOwoKL9KQSX7z3gOaw5UaTeVQcfDO1c21csVHnmnmGUoqsXbArK2B8VuwPWcv6/BC/i3io+xTo7QGRZ/z28Q==}
    engines: {node: '>=14'}
    peerDependencies:
      '@opentelemetry/api': ^1.3.0
    dependencies:
      '@opentelemetry/api': 1.9.0
      '@opentelemetry/instrumentation': 0.52.1(@opentelemetry/api@1.9.0)
    transitivePeerDependencies:
      - supports-color
    dev: false

  /@opentelemetry/instrumentation-hapi@0.40.0(@opentelemetry/api@1.9.0):
    resolution: {integrity: sha512-8U/w7Ifumtd2bSN1OLaSwAAFhb9FyqWUki3lMMB0ds+1+HdSxYBe9aspEJEgvxAqOkrQnVniAPTEGf1pGM7SOw==}
    engines: {node: '>=14'}
    peerDependencies:
      '@opentelemetry/api': ^1.3.0
    dependencies:
      '@opentelemetry/api': 1.9.0
      '@opentelemetry/core': 1.25.1(@opentelemetry/api@1.9.0)
      '@opentelemetry/instrumentation': 0.52.1(@opentelemetry/api@1.9.0)
      '@opentelemetry/semantic-conventions': 1.25.1
    transitivePeerDependencies:
      - supports-color
    dev: false

  /@opentelemetry/instrumentation-http@0.52.1(@opentelemetry/api@1.9.0):
    resolution: {integrity: sha512-dG/aevWhaP+7OLv4BQQSEKMJv8GyeOp3Wxl31NHqE8xo9/fYMfEljiZphUHIfyg4gnZ9swMyWjfOQs5GUQe54Q==}
    engines: {node: '>=14'}
    peerDependencies:
      '@opentelemetry/api': ^1.3.0
    dependencies:
      '@opentelemetry/api': 1.9.0
      '@opentelemetry/core': 1.25.1(@opentelemetry/api@1.9.0)
      '@opentelemetry/instrumentation': 0.52.1(@opentelemetry/api@1.9.0)
      '@opentelemetry/semantic-conventions': 1.25.1
      semver: 7.6.3
    transitivePeerDependencies:
      - supports-color
    dev: false

  /@opentelemetry/instrumentation-ioredis@0.42.0(@opentelemetry/api@1.9.0):
    resolution: {integrity: sha512-P11H168EKvBB9TUSasNDOGJCSkpT44XgoM6d3gRIWAa9ghLpYhl0uRkS8//MqPzcJVHr3h3RmfXIpiYLjyIZTw==}
    engines: {node: '>=14'}
    peerDependencies:
      '@opentelemetry/api': ^1.3.0
    dependencies:
      '@opentelemetry/api': 1.9.0
      '@opentelemetry/instrumentation': 0.52.1(@opentelemetry/api@1.9.0)
      '@opentelemetry/redis-common': 0.36.2
      '@opentelemetry/semantic-conventions': 1.25.1
    transitivePeerDependencies:
      - supports-color
    dev: false

  /@opentelemetry/instrumentation-koa@0.42.0(@opentelemetry/api@1.9.0):
    resolution: {integrity: sha512-H1BEmnMhho8o8HuNRq5zEI4+SIHDIglNB7BPKohZyWG4fWNuR7yM4GTlR01Syq21vODAS7z5omblScJD/eZdKw==}
    engines: {node: '>=14'}
    peerDependencies:
      '@opentelemetry/api': ^1.3.0
    dependencies:
      '@opentelemetry/api': 1.9.0
      '@opentelemetry/core': 1.25.1(@opentelemetry/api@1.9.0)
      '@opentelemetry/instrumentation': 0.52.1(@opentelemetry/api@1.9.0)
      '@opentelemetry/semantic-conventions': 1.25.1
    transitivePeerDependencies:
      - supports-color
    dev: false

  /@opentelemetry/instrumentation-mongodb@0.46.0(@opentelemetry/api@1.9.0):
    resolution: {integrity: sha512-VF/MicZ5UOBiXrqBslzwxhN7TVqzu1/LN/QDpkskqM0Zm0aZ4CVRbUygL8d7lrjLn15x5kGIe8VsSphMfPJzlA==}
    engines: {node: '>=14'}
    peerDependencies:
      '@opentelemetry/api': ^1.3.0
    dependencies:
      '@opentelemetry/api': 1.9.0
      '@opentelemetry/instrumentation': 0.52.1(@opentelemetry/api@1.9.0)
      '@opentelemetry/sdk-metrics': 1.25.1(@opentelemetry/api@1.9.0)
      '@opentelemetry/semantic-conventions': 1.25.1
    transitivePeerDependencies:
      - supports-color
    dev: false

  /@opentelemetry/instrumentation-mongoose@0.40.0(@opentelemetry/api@1.9.0):
    resolution: {integrity: sha512-niRi5ZUnkgzRhIGMOozTyoZIvJKNJyhijQI4nF4iFSb+FUx2v5fngfR+8XLmdQAO7xmsD8E5vEGdDVYVtKbZew==}
    engines: {node: '>=14'}
    peerDependencies:
      '@opentelemetry/api': ^1.3.0
    dependencies:
      '@opentelemetry/api': 1.9.0
      '@opentelemetry/core': 1.25.1(@opentelemetry/api@1.9.0)
      '@opentelemetry/instrumentation': 0.52.1(@opentelemetry/api@1.9.0)
      '@opentelemetry/semantic-conventions': 1.25.1
    transitivePeerDependencies:
      - supports-color
    dev: false

  /@opentelemetry/instrumentation-mysql2@0.40.0(@opentelemetry/api@1.9.0):
    resolution: {integrity: sha512-0xfS1xcqUmY7WE1uWjlmI67Xg3QsSUlNT+AcXHeA4BDUPwZtWqF4ezIwLgpVZfHOnkAEheqGfNSWd1PIu3Wnfg==}
    engines: {node: '>=14'}
    peerDependencies:
      '@opentelemetry/api': ^1.3.0
    dependencies:
      '@opentelemetry/api': 1.9.0
      '@opentelemetry/instrumentation': 0.52.1(@opentelemetry/api@1.9.0)
      '@opentelemetry/semantic-conventions': 1.25.1
      '@opentelemetry/sql-common': 0.40.1(@opentelemetry/api@1.9.0)
    transitivePeerDependencies:
      - supports-color
    dev: false

  /@opentelemetry/instrumentation-mysql@0.40.0(@opentelemetry/api@1.9.0):
    resolution: {integrity: sha512-d7ja8yizsOCNMYIJt5PH/fKZXjb/mS48zLROO4BzZTtDfhNCl2UM/9VIomP2qkGIFVouSJrGr/T00EzY7bPtKA==}
    engines: {node: '>=14'}
    peerDependencies:
      '@opentelemetry/api': ^1.3.0
    dependencies:
      '@opentelemetry/api': 1.9.0
      '@opentelemetry/instrumentation': 0.52.1(@opentelemetry/api@1.9.0)
      '@opentelemetry/semantic-conventions': 1.25.1
      '@types/mysql': 2.15.22
    transitivePeerDependencies:
      - supports-color
    dev: false

  /@opentelemetry/instrumentation-nestjs-core@0.39.0(@opentelemetry/api@1.9.0):
    resolution: {integrity: sha512-mewVhEXdikyvIZoMIUry8eb8l3HUjuQjSjVbmLVTt4NQi35tkpnHQrG9bTRBrl3403LoWZ2njMPJyg4l6HfKvA==}
    engines: {node: '>=14'}
    peerDependencies:
      '@opentelemetry/api': ^1.3.0
    dependencies:
      '@opentelemetry/api': 1.9.0
      '@opentelemetry/instrumentation': 0.52.1(@opentelemetry/api@1.9.0)
      '@opentelemetry/semantic-conventions': 1.25.1
    transitivePeerDependencies:
      - supports-color
    dev: false

  /@opentelemetry/instrumentation-pg@0.43.0(@opentelemetry/api@1.9.0):
    resolution: {integrity: sha512-og23KLyoxdnAeFs1UWqzSonuCkePUzCX30keSYigIzJe/6WSYA8rnEI5lobcxPEzg+GcU06J7jzokuEHbjVJNw==}
    engines: {node: '>=14'}
    peerDependencies:
      '@opentelemetry/api': ^1.3.0
    dependencies:
      '@opentelemetry/api': 1.9.0
      '@opentelemetry/instrumentation': 0.52.1(@opentelemetry/api@1.9.0)
      '@opentelemetry/semantic-conventions': 1.25.1
      '@opentelemetry/sql-common': 0.40.1(@opentelemetry/api@1.9.0)
      '@types/pg': 8.6.1
      '@types/pg-pool': 2.0.4
    transitivePeerDependencies:
      - supports-color
    dev: false

  /@opentelemetry/instrumentation-redis-4@0.41.0(@opentelemetry/api@1.9.0):
    resolution: {integrity: sha512-H7IfGTqW2reLXqput4yzAe8YpDC0fmVNal95GHMLOrS89W+qWUKIqxolSh63hJyfmwPSFwXASzj7wpSk8Az+Dg==}
    engines: {node: '>=14'}
    peerDependencies:
      '@opentelemetry/api': ^1.3.0
    dependencies:
      '@opentelemetry/api': 1.9.0
      '@opentelemetry/instrumentation': 0.52.1(@opentelemetry/api@1.9.0)
      '@opentelemetry/redis-common': 0.36.2
      '@opentelemetry/semantic-conventions': 1.25.1
    transitivePeerDependencies:
      - supports-color
    dev: false

  /@opentelemetry/instrumentation@0.46.0(@opentelemetry/api@1.9.0):
    resolution: {integrity: sha512-a9TijXZZbk0vI5TGLZl+0kxyFfrXHhX6Svtz7Pp2/VBlCSKrazuULEyoJQrOknJyFWNMEmbbJgOciHCCpQcisw==}
    engines: {node: '>=14'}
    requiresBuild: true
    peerDependencies:
      '@opentelemetry/api': ^1.3.0
    dependencies:
      '@opentelemetry/api': 1.9.0
      '@types/shimmer': 1.2.0
      import-in-the-middle: 1.7.1
      require-in-the-middle: 7.4.0
      semver: 7.6.3
      shimmer: 1.2.1
    transitivePeerDependencies:
      - supports-color
    dev: false
    optional: true

  /@opentelemetry/instrumentation@0.52.1(@opentelemetry/api@1.9.0):
    resolution: {integrity: sha512-uXJbYU/5/MBHjMp1FqrILLRuiJCs3Ofk0MeRDk8g1S1gD47U8X3JnSwcMO1rtRo1x1a7zKaQHaoYu49p/4eSKw==}
    engines: {node: '>=14'}
    peerDependencies:
      '@opentelemetry/api': ^1.3.0
    dependencies:
      '@opentelemetry/api': 1.9.0
      '@opentelemetry/api-logs': 0.52.1
      '@types/shimmer': 1.2.0
      import-in-the-middle: 1.10.0
      require-in-the-middle: 7.4.0
      semver: 7.6.3
      shimmer: 1.2.1
    transitivePeerDependencies:
      - supports-color
    dev: false

  /@opentelemetry/redis-common@0.36.2:
    resolution: {integrity: sha512-faYX1N0gpLhej/6nyp6bgRjzAKXn5GOEMYY7YhciSfCoITAktLUtQ36d24QEWNA1/WA1y6qQunCe0OhHRkVl9g==}
    engines: {node: '>=14'}
    dev: false

  /@opentelemetry/resources@1.25.1(@opentelemetry/api@1.9.0):
    resolution: {integrity: sha512-pkZT+iFYIZsVn6+GzM0kSX+u3MSLCY9md+lIJOoKl/P+gJFfxJte/60Usdp8Ce4rOs8GduUpSPNe1ddGyDT1sQ==}
    engines: {node: '>=14'}
    peerDependencies:
      '@opentelemetry/api': '>=1.0.0 <1.10.0'
    dependencies:
      '@opentelemetry/api': 1.9.0
      '@opentelemetry/core': 1.25.1(@opentelemetry/api@1.9.0)
      '@opentelemetry/semantic-conventions': 1.25.1
    dev: false

  /@opentelemetry/sdk-metrics@1.25.1(@opentelemetry/api@1.9.0):
    resolution: {integrity: sha512-9Mb7q5ioFL4E4dDrc4wC/A3NTHDat44v4I3p2pLPSxRvqUbDIQyMVr9uK+EU69+HWhlET1VaSrRzwdckWqY15Q==}
    engines: {node: '>=14'}
    peerDependencies:
      '@opentelemetry/api': '>=1.3.0 <1.10.0'
    dependencies:
      '@opentelemetry/api': 1.9.0
      '@opentelemetry/core': 1.25.1(@opentelemetry/api@1.9.0)
      '@opentelemetry/resources': 1.25.1(@opentelemetry/api@1.9.0)
      lodash.merge: 4.6.2
    dev: false

  /@opentelemetry/sdk-trace-base@1.25.1(@opentelemetry/api@1.9.0):
    resolution: {integrity: sha512-C8k4hnEbc5FamuZQ92nTOp8X/diCY56XUTnMiv9UTuJitCzaNNHAVsdm5+HLCdI8SLQsLWIrG38tddMxLVoftw==}
    engines: {node: '>=14'}
    peerDependencies:
      '@opentelemetry/api': '>=1.0.0 <1.10.0'
    dependencies:
      '@opentelemetry/api': 1.9.0
      '@opentelemetry/core': 1.25.1(@opentelemetry/api@1.9.0)
      '@opentelemetry/resources': 1.25.1(@opentelemetry/api@1.9.0)
      '@opentelemetry/semantic-conventions': 1.25.1
    dev: false

  /@opentelemetry/semantic-conventions@1.25.1:
    resolution: {integrity: sha512-ZDjMJJQRlyk8A1KZFCc+bCbsyrn1wTwdNt56F7twdfUfnHUZUq77/WfONCj8p72NZOyP7pNTdUWSTYC3GTbuuQ==}
    engines: {node: '>=14'}
    dev: false

  /@opentelemetry/sql-common@0.40.1(@opentelemetry/api@1.9.0):
    resolution: {integrity: sha512-nSDlnHSqzC3pXn/wZEZVLuAuJ1MYMXPBwtv2qAbCa3847SaHItdE7SzUq/Jtb0KZmh1zfAbNi3AAMjztTT4Ugg==}
    engines: {node: '>=14'}
    peerDependencies:
      '@opentelemetry/api': ^1.1.0
    dependencies:
      '@opentelemetry/api': 1.9.0
      '@opentelemetry/core': 1.25.1(@opentelemetry/api@1.9.0)
    dev: false

  /@prisma/instrumentation@5.17.0:
    resolution: {integrity: sha512-c1Sle4ji8aasMcYfBBHFM56We4ljfenVtRmS8aY06BllS7SoU6SmJBwG7vil+GHiR0Yrh+t9iBwt4AY0Jr4KNQ==}
    dependencies:
      '@opentelemetry/api': 1.9.0
      '@opentelemetry/instrumentation': 0.52.1(@opentelemetry/api@1.9.0)
      '@opentelemetry/sdk-trace-base': 1.25.1(@opentelemetry/api@1.9.0)
    transitivePeerDependencies:
      - supports-color
    dev: false

  /@sapphire/async-queue@1.5.3:
    resolution: {integrity: sha512-x7zadcfJGxFka1Q3f8gCts1F0xMwCKbZweM85xECGI0hBTeIZJGGCrHgLggihBoprlQ/hBmDR5LKfIPqnmHM3w==}
    engines: {node: '>=v14.0.0', npm: '>=7.0.0'}
    dev: false

  /@sapphire/shapeshift@3.9.7:
    resolution: {integrity: sha512-4It2mxPSr4OGn4HSQWGmhFMsNFGfFVhWeRPCRwbH972Ek2pzfGRZtb0pJ4Ze6oIzcyh2jw7nUDa6qGlWofgd9g==}
    engines: {node: '>=v16'}
    dependencies:
      fast-deep-equal: 3.1.3
      lodash: 4.17.21
    dev: false

  /@sapphire/snowflake@3.5.3:
    resolution: {integrity: sha512-jjmJywLAFoWeBi1W7994zZyiNWPIiqRRNAmSERxyg93xRGzNYvGjlZ0gR6x0F4gPRi2+0O6S71kOZYyr3cxaIQ==}
    engines: {node: '>=v14.0.0', npm: '>=7.0.0'}
    dev: false

  /@sentry/cli-darwin@2.33.0:
    resolution: {integrity: sha512-LQFvD7uCOQ2P/vYru7IBKqJDHwJ9Rr2vqqkdjbxe2YCQS/N3NPXvi3eVM9hDJ284oyV/BMZ5lrmVTuIicf/hhw==}
    engines: {node: '>=10'}
    os: [darwin]
    requiresBuild: true
    dev: false
    optional: true

  /@sentry/cli-linux-arm64@2.33.0:
    resolution: {integrity: sha512-mR2ZhqpU8RBVGLF5Ji19iOmVznk1B7Bzg5VhA8bVPuKsQmFN/3SyqE87IPMhwKoAsSRXyctwmbAkKs4240fxGA==}
    engines: {node: '>=10'}
    cpu: [arm64]
    os: [linux, freebsd]
    requiresBuild: true
    dev: false
    optional: true

  /@sentry/cli-linux-arm@2.33.0:
    resolution: {integrity: sha512-gY1bFE7wjDJc7WiNq1AS0WrILqLLJUw6Ou4pFQS45KjaH3/XJ1eohHhGJNy/UBHJ/Gq32b/BA9vsnWTXClZJ7g==}
    engines: {node: '>=10'}
    cpu: [arm]
    os: [linux, freebsd]
    requiresBuild: true
    dev: false
    optional: true

  /@sentry/cli-linux-i686@2.33.0:
    resolution: {integrity: sha512-XPIy0XpqgAposHtWsy58qsX85QnZ8q0ktBuT4skrsCrLMzfhoQg4Ua+YbUr3RvE814Rt8Hzowx2ar2Rl3pyCyw==}
    engines: {node: '>=10'}
    cpu: [x86, ia32]
    os: [linux, freebsd]
    requiresBuild: true
    dev: false
    optional: true

  /@sentry/cli-linux-x64@2.33.0:
    resolution: {integrity: sha512-qe1DdCUv4tmqS03s8RtCkEX9vCW2G+NgOxX6jZ5jN/sKDwjUlquljqo7JHUGSupkoXmymnNPm5By3rNr6VyNHg==}
    engines: {node: '>=10'}
    cpu: [x64]
    os: [linux, freebsd]
    requiresBuild: true
    dev: false
    optional: true

  /@sentry/cli-win32-i686@2.33.0:
    resolution: {integrity: sha512-VEXWtJ69C3b+kuSmXQJRwdQ0ypPGH88hpqyQuosbAOIqh/sv4g9B/u1ETHZc+whLdFDpPcTLVMbLDbXTGug0Yg==}
    engines: {node: '>=10'}
    cpu: [x86, ia32]
    os: [win32]
    requiresBuild: true
    dev: false
    optional: true

  /@sentry/cli-win32-x64@2.33.0:
    resolution: {integrity: sha512-GIUKysZ1xbSklY9h1aVaLMSYLsnMSd+JuwQLR+0wKw2wJC4O5kNCPFSGikhiOZM/kvh3GO1WnXNyazFp8nLAzw==}
    engines: {node: '>=10'}
    cpu: [x64]
    os: [win32]
    requiresBuild: true
    dev: false
    optional: true

  /@sentry/cli@2.33.0:
    resolution: {integrity: sha512-9MOzQy1UunVBhPOfEuO0JH2ofWAMmZVavTTR/Bo2CkJwI1qjyVF0UKLTXE3l4ujiJnFufOoBsVyKmYWXFerbCw==}
    engines: {node: '>= 10'}
    hasBin: true
    requiresBuild: true
    dependencies:
      https-proxy-agent: 5.0.1
      node-fetch: 2.7.0
      progress: 2.0.3
      proxy-from-env: 1.1.0
      which: 2.0.2
    optionalDependencies:
      '@sentry/cli-darwin': 2.33.0
      '@sentry/cli-linux-arm': 2.33.0
      '@sentry/cli-linux-arm64': 2.33.0
      '@sentry/cli-linux-i686': 2.33.0
      '@sentry/cli-linux-x64': 2.33.0
      '@sentry/cli-win32-i686': 2.33.0
      '@sentry/cli-win32-x64': 2.33.0
    transitivePeerDependencies:
      - encoding
      - supports-color
    dev: false

  /@sentry/core@8.20.0:
    resolution: {integrity: sha512-R81snuw+67VT4aCxr6ShST/s0Y6FlwN2YczhDwaGyzumn5rlvA6A4JtQDeExduNoDDyv4T3LrmW8wlYZn3CJJw==}
    engines: {node: '>=14.18'}
    dependencies:
      '@sentry/types': 8.20.0
      '@sentry/utils': 8.20.0
    dev: false

  /@sentry/node@8.20.0:
    resolution: {integrity: sha512-i4ywT2m0Gw65U3uwI4NwiNcyqp9YF6/RsusfH1pg4YkiL/RYp7FS0MPVgMggfvoue9S3KjCgRVlzTLwFATyPXQ==}
    engines: {node: '>=14.18'}
    dependencies:
      '@opentelemetry/api': 1.9.0
      '@opentelemetry/context-async-hooks': 1.25.1(@opentelemetry/api@1.9.0)
      '@opentelemetry/core': 1.25.1(@opentelemetry/api@1.9.0)
      '@opentelemetry/instrumentation': 0.52.1(@opentelemetry/api@1.9.0)
      '@opentelemetry/instrumentation-connect': 0.38.0(@opentelemetry/api@1.9.0)
      '@opentelemetry/instrumentation-express': 0.41.0(@opentelemetry/api@1.9.0)
      '@opentelemetry/instrumentation-fastify': 0.38.0(@opentelemetry/api@1.9.0)
      '@opentelemetry/instrumentation-graphql': 0.42.0(@opentelemetry/api@1.9.0)
      '@opentelemetry/instrumentation-hapi': 0.40.0(@opentelemetry/api@1.9.0)
      '@opentelemetry/instrumentation-http': 0.52.1(@opentelemetry/api@1.9.0)
      '@opentelemetry/instrumentation-ioredis': 0.42.0(@opentelemetry/api@1.9.0)
      '@opentelemetry/instrumentation-koa': 0.42.0(@opentelemetry/api@1.9.0)
      '@opentelemetry/instrumentation-mongodb': 0.46.0(@opentelemetry/api@1.9.0)
      '@opentelemetry/instrumentation-mongoose': 0.40.0(@opentelemetry/api@1.9.0)
      '@opentelemetry/instrumentation-mysql': 0.40.0(@opentelemetry/api@1.9.0)
      '@opentelemetry/instrumentation-mysql2': 0.40.0(@opentelemetry/api@1.9.0)
      '@opentelemetry/instrumentation-nestjs-core': 0.39.0(@opentelemetry/api@1.9.0)
      '@opentelemetry/instrumentation-pg': 0.43.0(@opentelemetry/api@1.9.0)
      '@opentelemetry/instrumentation-redis-4': 0.41.0(@opentelemetry/api@1.9.0)
      '@opentelemetry/resources': 1.25.1(@opentelemetry/api@1.9.0)
      '@opentelemetry/sdk-trace-base': 1.25.1(@opentelemetry/api@1.9.0)
      '@opentelemetry/semantic-conventions': 1.25.1
      '@prisma/instrumentation': 5.17.0
      '@sentry/core': 8.20.0
      '@sentry/opentelemetry': 8.20.0(@opentelemetry/api@1.9.0)(@opentelemetry/core@1.25.1)(@opentelemetry/instrumentation@0.52.1)(@opentelemetry/sdk-trace-base@1.25.1)(@opentelemetry/semantic-conventions@1.25.1)
      '@sentry/types': 8.20.0
      '@sentry/utils': 8.20.0
      import-in-the-middle: 1.10.0
    optionalDependencies:
      opentelemetry-instrumentation-fetch-node: 1.2.3(@opentelemetry/api@1.9.0)
    transitivePeerDependencies:
      - supports-color
    dev: false

  /@sentry/opentelemetry@8.20.0(@opentelemetry/api@1.9.0)(@opentelemetry/core@1.25.1)(@opentelemetry/instrumentation@0.52.1)(@opentelemetry/sdk-trace-base@1.25.1)(@opentelemetry/semantic-conventions@1.25.1):
    resolution: {integrity: sha512-NFcLK6+t9wUc4HlGKeuDn6W4KjZxZfZmWlrK2/tgC5KzG1cnVeOnWUrJzGHTa+YDDdIijpjiFUcpXGPkX3rmIg==}
    engines: {node: '>=14.18'}
    peerDependencies:
      '@opentelemetry/api': ^1.9.0
      '@opentelemetry/core': ^1.25.1
      '@opentelemetry/instrumentation': ^0.52.1
      '@opentelemetry/sdk-trace-base': ^1.25.1
      '@opentelemetry/semantic-conventions': ^1.25.1
    dependencies:
      '@opentelemetry/api': 1.9.0
      '@opentelemetry/core': 1.25.1(@opentelemetry/api@1.9.0)
      '@opentelemetry/instrumentation': 0.52.1(@opentelemetry/api@1.9.0)
      '@opentelemetry/sdk-trace-base': 1.25.1(@opentelemetry/api@1.9.0)
      '@opentelemetry/semantic-conventions': 1.25.1
      '@sentry/core': 8.20.0
      '@sentry/types': 8.20.0
      '@sentry/utils': 8.20.0
    dev: false

  /@sentry/profiling-node@8.20.0:
    resolution: {integrity: sha512-vQaMYjPM7o0qvmj4atxXZywIDhnxMwTlc6x24eKqT8zN0OFBuIc1nYIacT7pEmd7R6e/mXdiG04GH1Vg0bHfOQ==}
    engines: {node: '>=14.18'}
    hasBin: true
    requiresBuild: true
    dependencies:
      '@sentry/core': 8.20.0
      '@sentry/node': 8.20.0
      '@sentry/types': 8.20.0
      '@sentry/utils': 8.20.0
      detect-libc: 2.0.3
      node-abi: 3.65.0
    transitivePeerDependencies:
      - supports-color
    dev: false

  /@sentry/types@8.20.0:
    resolution: {integrity: sha512-6IP278KojOpiAA7vrd1hjhUyn26cl0n0nGsShzic5ztCVs92sTeVRnh7MTB9irDVtAbOEyt/YH6go3h+Jia1pA==}
    engines: {node: '>=14.18'}
    dev: false

  /@sentry/utils@8.20.0:
    resolution: {integrity: sha512-+1I5H8dojURiEUGPliDwheQk8dhjp8uV1sMccR/W/zjFrt4wZyPs+Ttp/V7gzm9LDJoNek9tmELert/jQqWTgg==}
    engines: {node: '>=14.18'}
    dependencies:
      '@sentry/types': 8.20.0
    dev: false

  /@splatterxl/tsconfig@1.1.1:
    resolution: {integrity: sha512-anf9YMKGxb6UDhdwE6NC29epUm6HG9kRgopYRDMiIgZutjZGPmW1m0dFvTsKpersLRtUIN/im2FQWOnzNB0x/g==}
    engines: {node: '>=14'}
    dev: true

  /@types/connect@3.4.36:
    resolution: {integrity: sha512-P63Zd/JUGq+PdrM1lv0Wv5SBYeA2+CORvbrXbngriYY0jzLUWfQMQQxOhjONEz/wlHOAxOdY7CY65rgQdTjq2w==}
    dependencies:
      '@types/node': 22.0.0
    dev: false

  /@types/fuzzy-search@2.1.5:
    resolution: {integrity: sha512-Yw8OsjhVKbKw83LMDOZ9RXc+N+um48DmZYMrz7QChpHkQuygsc5O40oCL7SfvWgpaaviCx2TbNXYUBwhMtBH5w==}
    dev: false

  /@types/mysql@2.15.22:
    resolution: {integrity: sha512-wK1pzsJVVAjYCSZWQoWHziQZbNggXFDUEIGf54g4ZM/ERuP86uGdWeKZWMYlqTPMZfHJJvLPyogXGvCOg87yLQ==}
    dependencies:
      '@types/node': 22.0.0
    dev: false

  /@types/node@22.0.0:
    resolution: {integrity: sha512-VT7KSYudcPOzP5Q0wfbowyNLaVR8QWUdw+088uFWwfvpY6uCWaXpqV6ieLAu9WBcnTa7H4Z5RLK8I5t2FuOcqw==}
    dependencies:
      undici-types: 6.11.1

  /@types/pg-pool@2.0.4:
    resolution: {integrity: sha512-qZAvkv1K3QbmHHFYSNRYPkRjOWRLBYrL4B9c+wG0GSVGBw0NtJwPcgx/DSddeDJvRGMHCEQ4VMEVfuJ/0gZ3XQ==}
    dependencies:
      '@types/pg': 8.6.1
    dev: false

  /@types/pg@8.6.1:
    resolution: {integrity: sha512-1Kc4oAGzAl7uqUStZCDvaLFqZrW9qWSjXOmBfdgyBP5La7Us6Mg4GBvRlSoaZMhQF/zSj1C8CtKMBkoiT8eL8w==}
    dependencies:
      '@types/node': 22.0.0
      pg-protocol: 1.6.1
      pg-types: 2.2.0
    dev: false

  /@types/shimmer@1.2.0:
    resolution: {integrity: sha512-UE7oxhQLLd9gub6JKIAhDq06T0F6FnztwMNRvYgjeQSBeMc1ZG/tA47EwfduvkuQS8apbkM/lpLpWsaCeYsXVg==}
    dev: false

  /@types/ws@8.5.12:
    resolution: {integrity: sha512-3tPRkv1EtkDpzlgyKyI8pGsGZAGPEaXeu0DOj5DI25Ja91bdAYddYHbADRYVrZMRbfW+1l5YwXVDKohDJNQxkQ==}
    dependencies:
      '@types/node': 22.0.0
    dev: false

  /@vladfrangu/async_event_emitter@2.4.4:
    resolution: {integrity: sha512-ZL62PFXEIeGUI8btfJ5S8Flc286eU1ZUSjwyFQtIGXfRUDPZKO+CDJMYb1R71LjGWRZ4n202O+a6FGjsgTw58g==}
    engines: {node: '>=v14.0.0', npm: '>=7.0.0'}
    dev: false

  /acorn-import-assertions@1.9.0(acorn@8.12.1):
    resolution: {integrity: sha512-cmMwop9x+8KFhxvKrKfPYmN6/pKTYYHBqLa0DfvVZcKMJWNyWLnaqND7dx/qn66R7ewM1UX5XMaDVP5wlVTaVA==}
    requiresBuild: true
    peerDependencies:
      acorn: ^8
    dependencies:
      acorn: 8.12.1
    dev: false
    optional: true

  /acorn-import-attributes@1.9.5(acorn@8.12.1):
    resolution: {integrity: sha512-n02Vykv5uA3eHGM/Z2dQrcD56kL8TyDb2p1+0P83PClMnC/nc+anbQRhIOWnSq4Ke/KvDPrY3C9hDtC/A3eHnQ==}
    peerDependencies:
      acorn: ^8
    dependencies:
      acorn: 8.12.1
    dev: false

  /acorn@8.12.1:
    resolution: {integrity: sha512-tcpGyI9zbizT9JbV6oYE477V6mTlXvvi0T0G3SNIYE2apm/G5huBa1+K89VGeovbg+jycCrfhl3ADxErOuO6Jg==}
    engines: {node: '>=0.4.0'}
    hasBin: true
    dev: false

  /agent-base@6.0.2:
    resolution: {integrity: sha512-RZNwNclF7+MS/8bDg70amg32dyeZGZxiDuQmZxKLAlQjr3jGyLx+4Kkk58UO7D2QdgFIQCovuSuZESne6RG6XQ==}
    engines: {node: '>= 6.0.0'}
    dependencies:
      debug: 4.3.6(supports-color@5.5.0)
    transitivePeerDependencies:
      - supports-color
    dev: false

  /anymatch@3.1.3:
    resolution: {integrity: sha512-KMReFUr0B4t+D+OBkjR3KYqvocp2XaSzO55UcB6mgQMd3KbcE+mWTyvVV7D/zsdEbNnV6acZUutkiHQXvTr1Rw==}
    engines: {node: '>= 8'}
    dependencies:
      normalize-path: 3.0.0
      picomatch: 2.3.1
    dev: true

  /balanced-match@1.0.2:
    resolution: {integrity: sha512-3oSeUO0TMV67hN1AmbXsK4yaqU7tjiHlbxRDZOpH0KW9+CeX4bRAaX0Anxt0tx2MrpRpWwQaPwIlISEJhYU5Pw==}
    dev: true

  /binary-extensions@2.3.0:
    resolution: {integrity: sha512-Ceh+7ox5qe7LJuLHoY0feh3pHuUDHAcRUeyL2VYghZwfpkNIy/+8Ocg0a3UuSoYzavmylwuLWQOf3hl0jjMMIw==}
    engines: {node: '>=8'}
    dev: true

  /brace-expansion@1.1.11:
    resolution: {integrity: sha512-iCuPHDFgrHX7H2vEI/5xpz07zSHB00TpugqhmYtVmMO6518mCuRMoOYFldEBl0g187ufozdaHgWKcYFb61qGiA==}
    dependencies:
      balanced-match: 1.0.2
      concat-map: 0.0.1
    dev: true

  /braces@3.0.3:
    resolution: {integrity: sha512-yQbXgO/OSZVD2IsiLlro+7Hf6Q18EJrKSEsdoMzKePKXct3gvD8oLcOQdIzGupr5Fj+EDe8gO/lxc1BzfMpxvA==}
    engines: {node: '>=8'}
    dependencies:
      fill-range: 7.1.1
    dev: true

  /chokidar@3.6.0:
    resolution: {integrity: sha512-7VT13fmjotKpGipCW9JEQAusEPE+Ei8nl6/g4FBAmIm0GOOLMua9NDDo/DWp0ZAxCr3cPq5ZpBqmPAQgDda2Pw==}
    engines: {node: '>= 8.10.0'}
    dependencies:
      anymatch: 3.1.3
      braces: 3.0.3
      glob-parent: 5.1.2
      is-binary-path: 2.1.0
      is-glob: 4.0.3
      normalize-path: 3.0.0
      readdirp: 3.6.0
    optionalDependencies:
      fsevents: 2.3.3
    dev: true

  /cjs-module-lexer@1.3.1:
    resolution: {integrity: sha512-a3KdPAANPbNE4ZUv9h6LckSl9zLsYOP4MBmhIPkRaeyybt+r4UghLvq+xw/YwUcC1gqylCkL4rdVs3Lwupjm4Q==}
    dev: false

  /concat-map@0.0.1:
    resolution: {integrity: sha512-/Srv4dswyQNBfohGpz9o6Yb3Gz3SrUDqBH5rTuhGR7ahtlbYKnVxw2bCFMRljaA7EXHaXZ8wsHdodFvbkhKmqg==}
    dev: true

  /dayjs@1.11.12:
    resolution: {integrity: sha512-Rt2g+nTbLlDWZTwwrIXjy9MeiZmSDI375FvZs72ngxx8PDC6YXOeR3q5LAuPzjZQxhiWdRKac7RKV+YyQYfYIg==}
    dev: false

  /debug@4.3.6(supports-color@5.5.0):
    resolution: {integrity: sha512-O/09Bd4Z1fBrU4VzkhFqVgpPzaGbw6Sm9FEkBT1A/YBXQFGuuSxa1dN2nxgxS34JmKXqYx8CZAwEVoJFImUXIg==}
    engines: {node: '>=6.0'}
    peerDependencies:
      supports-color: '*'
    peerDependenciesMeta:
      supports-color:
        optional: true
    dependencies:
      ms: 2.1.2
      supports-color: 5.5.0

  /detect-libc@2.0.3:
    resolution: {integrity: sha512-bwy0MGW55bG41VqxxypOsdSdGqLwXPI/focwgTYCFMbdUiBAxLg9CFzG08sz2aqzknwiX7Hkl0bQENjg8iLByw==}
    engines: {node: '>=8'}
    dev: false

  /discord-api-types@0.37.83:
    resolution: {integrity: sha512-urGGYeWtWNYMKnYlZnOnDHm8fVRffQs3U0SpE8RHeiuLKb/u92APS8HoQnPTFbnXmY1vVnXjXO4dOxcAn3J+DA==}
    dev: false

  /discord-api-types@0.37.93:
    resolution: {integrity: sha512-M5jn0x3bcXk8EI2c6F6V6LeOWq10B/cJf+YJSyqNmg7z4bdXK+Z7g9zGJwHS0h9Bfgs0nun2LQISFOzwck7G9A==}
    dev: false

  /discord.js@14.15.3:
    resolution: {integrity: sha512-/UJDQO10VuU6wQPglA4kz2bw2ngeeSbogiIPx/TsnctfzV/tNf+q+i1HlgtX1OGpeOBpJH9erZQNO5oRM2uAtQ==}
    engines: {node: '>=16.11.0'}
    dependencies:
      '@discordjs/builders': 1.8.2
      '@discordjs/collection': 1.5.3
      '@discordjs/formatters': 0.4.0
      '@discordjs/rest': 2.3.0
      '@discordjs/util': 1.1.0
      '@discordjs/ws': 1.1.1
      '@sapphire/snowflake': 3.5.3
      discord-api-types: 0.37.83
      fast-deep-equal: 3.1.3
      lodash.snakecase: 4.1.1
      tslib: 2.6.2
      undici: 6.13.0
    transitivePeerDependencies:
      - bufferutil
      - utf-8-validate
    dev: false

  /dotenv@16.4.5:
    resolution: {integrity: sha512-ZmdL2rui+eB2YwhsWzjInR8LldtZHGDoQ1ugH85ppHKwpUHL7j7rN0Ti9NCnGiQbhaZ11FpR+7ao1dNsmduNUg==}
    engines: {node: '>=12'}
    dev: false

  /fast-deep-equal@3.1.3:
    resolution: {integrity: sha512-f3qQ9oQy9j2AhBe/H9VC91wLmKBCCU/gDOnKNAYG5hswO7BLKj09Hc5HYNz9cGI++xlpDCIgDaitVs03ATR84Q==}
    dev: false

  /fill-range@7.1.1:
    resolution: {integrity: sha512-YsGpe3WHLK8ZYi4tWDg2Jy3ebRz2rXowDxnld4bkQB00cc/1Zw9AWnC0i9ztDJitivtQvaI9KaLyKrc+hBW0yg==}
    engines: {node: '>=8'}
    dependencies:
      to-regex-range: 5.0.1
    dev: true

  /fsevents@2.3.3:
    resolution: {integrity: sha512-5xoDfX+fL7faATnagmWPpbFtwh/R77WmMMqqHGS65C3vvB0YHrgF+B1YmZ3441tMj5n63k0212XNoJwzlhffQw==}
    engines: {node: ^8.16.0 || ^10.6.0 || >=11.0.0}
    os: [darwin]
    requiresBuild: true
    dev: true
    optional: true

  /function-bind@1.1.2:
    resolution: {integrity: sha512-7XHNxH7qX9xG5mIwxkhumTox/MIRNcOgDrxWsMt2pAr23WHp6MrRlN7FBSFpCpr+oVO0F744iUgR82nJMfG2SA==}
    dev: false

  /fuzzy-search@3.2.1:
    resolution: {integrity: sha512-vAcPiyomt1ioKAsAL2uxSABHJ4Ju/e4UeDM+g1OlR0vV4YhLGMNsdLNvZTpEDY4JCSt0E4hASCNM5t2ETtsbyg==}
    dev: false

  /glob-parent@5.1.2:
    resolution: {integrity: sha512-AOIgSQCepiJYwP3ARnGx+5VnTu2HBYdzbGP45eLw1vr3zB3vZLeyed1sC9hnbcOc9/SrMyM5RPQrkGz4aS9Zow==}
    engines: {node: '>= 6'}
    dependencies:
      is-glob: 4.0.3
    dev: true

  /has-flag@3.0.0:
    resolution: {integrity: sha512-sKJf1+ceQBr4SMkvQnBDNDtf4TXpVhVGateu0t918bl30FnbE2m4vNLX+VWe/dpjlb+HugGYzW7uQXH98HPEYw==}
    engines: {node: '>=4'}

  /hasown@2.0.2:
    resolution: {integrity: sha512-0hJU9SCPvmMzIBdZFqNPXWa6dqh7WdH0cII9y+CyS8rG3nL48Bclra9HmKhVVUHyPWNH5Y7xDwAB7bfgSjkUMQ==}
    engines: {node: '>= 0.4'}
    dependencies:
      function-bind: 1.1.2
    dev: false

  /https-proxy-agent@5.0.1:
    resolution: {integrity: sha512-dFcAjpTQFgoLMzC2VwU+C/CbS7uRL0lWmxDITmqm7C+7F0Odmj6s9l6alZc6AELXhrnggM2CeWSXHGOdX2YtwA==}
    engines: {node: '>= 6'}
    dependencies:
      agent-base: 6.0.2
      debug: 4.3.6(supports-color@5.5.0)
    transitivePeerDependencies:
      - supports-color
    dev: false

  /ignore-by-default@1.0.1:
    resolution: {integrity: sha512-Ius2VYcGNk7T90CppJqcIkS5ooHUZyIQK+ClZfMfMNFEF9VSE73Fq+906u/CWu92x4gzZMWOwfFYckPObzdEbA==}
    dev: true

  /import-in-the-middle@1.10.0:
    resolution: {integrity: sha512-Z1jumVdF2GwnnYfM0a/y2ts7mZbwFMgt5rRuVmLgobgahC6iKgN5MBuXjzfTIOUpq5LSU10vJIPpVKe0X89fIw==}
    dependencies:
      acorn: 8.12.1
      acorn-import-attributes: 1.9.5(acorn@8.12.1)
      cjs-module-lexer: 1.3.1
      module-details-from-path: 1.0.3
    dev: false

  /import-in-the-middle@1.7.1:
    resolution: {integrity: sha512-1LrZPDtW+atAxH42S6288qyDFNQ2YCty+2mxEPRtfazH6Z5QwkaBSTS2ods7hnVJioF6rkRfNoA6A/MstpFXLg==}
    requiresBuild: true
    dependencies:
      acorn: 8.12.1
      acorn-import-assertions: 1.9.0(acorn@8.12.1)
      cjs-module-lexer: 1.3.1
      module-details-from-path: 1.0.3
    dev: false
    optional: true

  /is-binary-path@2.1.0:
    resolution: {integrity: sha512-ZMERYes6pDydyuGidse7OsHxtbI7WVeUEozgR/g7rd0xUimYNlvZRE/K2MgZTjWy725IfelLeVcEM97mmtRGXw==}
    engines: {node: '>=8'}
    dependencies:
      binary-extensions: 2.3.0
    dev: true

  /is-core-module@2.15.0:
    resolution: {integrity: sha512-Dd+Lb2/zvk9SKy1TGCt1wFJFo/MWBPMX5x7KcvLajWTGuomczdQX61PvY5yK6SVACwpoexWo81IfFyoKY2QnTA==}
    engines: {node: '>= 0.4'}
    dependencies:
      hasown: 2.0.2
    dev: false

  /is-extglob@2.1.1:
    resolution: {integrity: sha512-SbKbANkN603Vi4jEZv49LeVJMn4yGwsbzZworEoyEiutsN3nJYdbO36zfhGJ6QEDpOZIFkDtnq5JRxmvl3jsoQ==}
    engines: {node: '>=0.10.0'}
    dev: true

  /is-glob@4.0.3:
    resolution: {integrity: sha512-xelSayHH36ZgE7ZWhli7pW34hNbNl8Ojv5KVmkJD4hBdD3th8Tfk9vYasLM+mXWOZhFkgZfxhLSnrwRr4elSSg==}
    engines: {node: '>=0.10.0'}
    dependencies:
      is-extglob: 2.1.1
    dev: true

  /is-number@7.0.0:
    resolution: {integrity: sha512-41Cifkg6e8TylSpdtTpeLVMqvSBEVzTttHvERD741+pnZ8ANv0004MRL43QKPDlK9cGvNp6NZWZUBlbGXYxxng==}
    engines: {node: '>=0.12.0'}
    dev: true

  /isexe@2.0.0:
    resolution: {integrity: sha512-RHxMLp9lnKHGHRng9QFhRCMbYAcVpn69smSGcq3f36xjgVVWThj4qqLbTLlq7Ssj8B+fIQ1EuCEGI2lKsyQeIw==}
    dev: false

  /kleur@4.1.5:
    resolution: {integrity: sha512-o+NO+8WrRiQEE4/7nwRJhN1HWpVmJm511pBHUxPLtp0BUISzlBplORYSmTclCnJvQq2tKu/sgl3xVpkc7ZWuQQ==}
    engines: {node: '>=6'}
    dev: false

  /lodash.merge@4.6.2:
    resolution: {integrity: sha512-0KpjqXRVvrYyCsX1swR/XTK0va6VQkQM6MNo7PqW77ByjAhoARA8EfrP1N4+KlKj8YS0ZUCtRT/YUuhyYDujIQ==}
    dev: false

  /lodash.snakecase@4.1.1:
    resolution: {integrity: sha512-QZ1d4xoBHYUeuouhEq3lk3Uq7ldgyFXGBhg04+oRLnIz8o9T65Eh+8YdroUwn846zchkA9yDsDl5CVVaV2nqYw==}
    dev: false

  /lodash@4.17.21:
    resolution: {integrity: sha512-v2kDEe57lecTulaDIuNTPy3Ry4gLGJ6Z1O3vE1krgXZNrsQ+LFTGHVxVjcXPs17LhbZVGedAJv8XZ1tvj5FvSg==}
    dev: false

  /magic-bytes.js@1.10.0:
    resolution: {integrity: sha512-/k20Lg2q8LE5xiaaSkMXk4sfvI+9EGEykFS4b0CHHGWqDYU0bGUFSwchNOMA56D7TCs9GwVTkqe9als1/ns8UQ==}
    dev: false

  /minimatch@3.1.2:
    resolution: {integrity: sha512-J7p63hRiAjw1NDEww1W7i37+ByIrOWO5XQQAzZ3VOcL0PNybwpfmV/N05zFAzwQ9USyEcX6t3UO+K5aqBQOIHw==}
    dependencies:
      brace-expansion: 1.1.11
    dev: true

  /module-details-from-path@1.0.3:
    resolution: {integrity: sha512-ySViT69/76t8VhE1xXHK6Ch4NcDd26gx0MzKXLO+F7NOtnqH68d9zF94nT8ZWSxXh8ELOERsnJO/sWt1xZYw5A==}
    dev: false

  /ms@2.1.2:
    resolution: {integrity: sha512-sGkPx+VjMtmA6MX27oA4FBFELFCZZ4S4XqeGOXCv68tT+jb3vk/RyaKWP0PTKyWtmLSM0b+adUTEvbs1PEaH2w==}

  /murmurhash@2.0.1:
    resolution: {integrity: sha512-5vQEh3y+DG/lMPM0mCGPDnyV8chYg/g7rl6v3Gd8WMF9S429ox3Xk8qrk174kWhG767KQMqqxLD1WnGd77hiew==}
    dev: false

  /node-abi@3.65.0:
    resolution: {integrity: sha512-ThjYBfoDNr08AWx6hGaRbfPwxKV9kVzAzOzlLKbk2CuqXE2xnCh+cbAGnwM3t8Lq4v9rUB7VfondlkBckcJrVA==}
    engines: {node: '>=10'}
    dependencies:
      semver: 7.6.3
    dev: false

  /node-fetch@2.7.0:
    resolution: {integrity: sha512-c4FRfUm/dbcWZ7U+1Wq0AwCyFL+3nt2bEw05wfxSz+DWpWsitgmSgYmy2dQdWyKC1694ELPqMs/YzUSNozLt8A==}
    engines: {node: 4.x || >=6.0.0}
    peerDependencies:
      encoding: ^0.1.0
    peerDependenciesMeta:
      encoding:
        optional: true
    dependencies:
      whatwg-url: 5.0.0
    dev: false

  /nodemon@3.1.4:
    resolution: {integrity: sha512-wjPBbFhtpJwmIeY2yP7QF+UKzPfltVGtfce1g/bB15/8vCGZj8uxD62b/b9M9/WVgme0NZudpownKN+c0plXlQ==}
    engines: {node: '>=10'}
    hasBin: true
    dependencies:
      chokidar: 3.6.0
      debug: 4.3.6(supports-color@5.5.0)
      ignore-by-default: 1.0.1
      minimatch: 3.1.2
      pstree.remy: 1.1.8
      semver: 7.6.3
      simple-update-notifier: 2.0.0
      supports-color: 5.5.0
      touch: 3.1.1
      undefsafe: 2.0.5
    dev: true

  /normalize-path@3.0.0:
    resolution: {integrity: sha512-6eZs5Ls3WtCisHWp9S2GUy8dqkpGi4BVSz3GaqiE6ezub0512ESztXUwUB6C6IKbQkY2Pnb/mD4WYojCRwcwLA==}
    engines: {node: '>=0.10.0'}
    dev: true

  /opentelemetry-instrumentation-fetch-node@1.2.3(@opentelemetry/api@1.9.0):
    resolution: {integrity: sha512-Qb11T7KvoCevMaSeuamcLsAD+pZnavkhDnlVL0kRozfhl42dKG5Q3anUklAFKJZjY3twLR+BnRa6DlwwkIE/+A==}
    engines: {node: '>18.0.0'}
    requiresBuild: true
    peerDependencies:
      '@opentelemetry/api': ^1.6.0
    dependencies:
      '@opentelemetry/api': 1.9.0
      '@opentelemetry/instrumentation': 0.46.0(@opentelemetry/api@1.9.0)
      '@opentelemetry/semantic-conventions': 1.25.1
    transitivePeerDependencies:
      - supports-color
    dev: false
    optional: true

  /path-parse@1.0.7:
    resolution: {integrity: sha512-LDJzPVEEEPR+y48z93A0Ed0yXb8pAByGWo/k5YYdYgpY2/2EsOsksJrq7lOHxryrVOn1ejG6oAp8ahvOIQD8sw==}
    dev: false

  /pg-int8@1.0.1:
    resolution: {integrity: sha512-WCtabS6t3c8SkpDBUlb1kjOs7l66xsGdKpIPZsg4wR+B3+u9UAum2odSsF9tnvxg80h4ZxLWMy4pRjOsFIqQpw==}
    engines: {node: '>=4.0.0'}
    dev: false

  /pg-protocol@1.6.1:
    resolution: {integrity: sha512-jPIlvgoD63hrEuihvIg+tJhoGjUsLPn6poJY9N5CnlPd91c2T18T/9zBtLxZSb1EhYxBRoZJtzScCaWlYLtktg==}
    dev: false

  /pg-types@2.2.0:
    resolution: {integrity: sha512-qTAAlrEsl8s4OiEQY69wDvcMIdQN6wdz5ojQiOy6YRMuynxenON0O5oCpJI6lshc6scgAY8qvJ2On/p+CXY0GA==}
    engines: {node: '>=4'}
    dependencies:
      pg-int8: 1.0.1
      postgres-array: 2.0.0
      postgres-bytea: 1.0.0
      postgres-date: 1.0.7
      postgres-interval: 1.2.0
    dev: false

  /picomatch@2.3.1:
    resolution: {integrity: sha512-JU3teHTNjmE2VCGFzuY8EXzCDVwEqB2a8fsIvwaStHhAWJEeVd1o1QD80CU6+ZdEXXSLbSsuLwJjkCBWqRQUVA==}
    engines: {node: '>=8.6'}
    dev: true

  /postgres-array@2.0.0:
    resolution: {integrity: sha512-VpZrUqU5A69eQyW2c5CA1jtLecCsN2U/bD6VilrFDWq5+5UIEVO7nazS3TEcHf1zuPYO/sqGvUvW62g86RXZuA==}
    engines: {node: '>=4'}
    dev: false

  /postgres-bytea@1.0.0:
    resolution: {integrity: sha512-xy3pmLuQqRBZBXDULy7KbaitYqLcmxigw14Q5sj8QBVLqEwXfeybIKVWiqAXTlcvdvb0+xkOtDbfQMOf4lST1w==}
    engines: {node: '>=0.10.0'}
    dev: false

  /postgres-date@1.0.7:
    resolution: {integrity: sha512-suDmjLVQg78nMK2UZ454hAG+OAW+HQPZ6n++TNDUX+L0+uUlLywnoxJKDou51Zm+zTCjrCl0Nq6J9C5hP9vK/Q==}
    engines: {node: '>=0.10.0'}
    dev: false

  /postgres-interval@1.2.0:
    resolution: {integrity: sha512-9ZhXKM/rw350N1ovuWHbGxnGh/SNJ4cnxHiM0rxE4VN41wsg8P8zWn9hv/buK00RP4WvlOyr/RBDiptyxVbkZQ==}
    engines: {node: '>=0.10.0'}
    dependencies:
      xtend: 4.0.2
    dev: false

  /progress@2.0.3:
    resolution: {integrity: sha512-7PiHtLll5LdnKIMw100I+8xJXR5gW2QwWYkT6iJva0bXitZKa/XMrSbdmg3r2Xnaidz9Qumd0VPaMrZlF9V9sA==}
    engines: {node: '>=0.4.0'}
    dev: false

  /proxy-from-env@1.1.0:
    resolution: {integrity: sha512-D+zkORCbA9f1tdWRK0RaCR3GPv50cMxcrz4X8k5LTSUD1Dkw47mKJEZQNunItRTkWwgtaUSo1RVFRIG9ZXiFYg==}
    dev: false

  /pstree.remy@1.1.8:
    resolution: {integrity: sha512-77DZwxQmxKnu3aR542U+X8FypNzbfJ+C5XQDk3uWjWxn6151aIMGthWYRXTqT1E5oJvg+ljaa2OJi+VfvCOQ8w==}
    dev: true

  /readdirp@3.6.0:
    resolution: {integrity: sha512-hOS089on8RduqdbhvQ5Z37A0ESjsqz6qnRcffsMU3495FuTdqSm+7bhJ29JvIOsBDEEnan5DPu9t3To9VRlMzA==}
    engines: {node: '>=8.10.0'}
    dependencies:
      picomatch: 2.3.1
    dev: true

  /require-in-the-middle@7.4.0:
    resolution: {integrity: sha512-X34iHADNbNDfr6OTStIAHWSAvvKQRYgLO6duASaVf7J2VA3lvmNYboAHOuLC2huav1IwgZJtyEcJCKVzFxOSMQ==}
    engines: {node: '>=8.6.0'}
    dependencies:
      debug: 4.3.6(supports-color@5.5.0)
      module-details-from-path: 1.0.3
      resolve: 1.22.8
    transitivePeerDependencies:
      - supports-color
    dev: false

  /resolve@1.22.8:
    resolution: {integrity: sha512-oKWePCxqpd6FlLvGV1VU0x7bkPmmCNolxzjMf4NczoDnQcIWrAF+cPtZn5i6n+RfD2d9i0tzpKnG6Yk168yIyw==}
    hasBin: true
    dependencies:
      is-core-module: 2.15.0
      path-parse: 1.0.7
      supports-preserve-symlinks-flag: 1.0.0
    dev: false

  /semver@7.6.3:
    resolution: {integrity: sha512-oVekP1cKtI+CTDvHWYFUcMtsK/00wmAEfyqKfNdARm8u1wNVhSgaX7A8d4UuIlUI5e84iEwOhs7ZPYRmzU9U6A==}
    engines: {node: '>=10'}
    hasBin: true

  /shimmer@1.2.1:
    resolution: {integrity: sha512-sQTKC1Re/rM6XyFM6fIAGHRPVGvyXfgzIDvzoq608vM+jeyVD0Tu1E6Np0Kc2zAIFWIj963V2800iF/9LPieQw==}
    dev: false

  /simple-update-notifier@2.0.0:
    resolution: {integrity: sha512-a2B9Y0KlNXl9u/vsW6sTIu9vGEpfKu2wRV6l1H3XEas/0gUIzGzBoP/IouTcUQbm9JWZLH3COxyn03TYlFax6w==}
    engines: {node: '>=10'}
    dependencies:
      semver: 7.6.3
    dev: true

  /supports-color@5.5.0:
    resolution: {integrity: sha512-QjVjwdXIt408MIiAqCX4oUKsgU2EqAGzs2Ppkm4aQYbjm+ZEWEcW4SfFNTr4uMNZma0ey4f5lgLrkB0aX0QMow==}
    engines: {node: '>=4'}
    dependencies:
      has-flag: 3.0.0

  /supports-preserve-symlinks-flag@1.0.0:
    resolution: {integrity: sha512-ot0WnXS9fgdkgIcePe6RHNk1WA8+muPa6cSjeR3V8K27q9BB1rTE3R1p7Hv0z1ZyAc8s6Vvv8DIyWf681MAt0w==}
    engines: {node: '>= 0.4'}
    dev: false

  /tiny-invariant@1.3.3:
    resolution: {integrity: sha512-+FbBPE1o9QAYvviau/qC5SE3caw21q3xkvWKBtja5vgqOWIHHJ3ioaq1VPfn/Szqctz2bU/oYeKd9/z5BL+PVg==}
    dev: false

  /to-regex-range@5.0.1:
    resolution: {integrity: sha512-65P7iz6X5yEr1cwcgvQxbbIw7Uk3gOy5dIdtZ4rDveLqhrdJP+Li/Hx6tyK0NEb+2GCyneCMJiGqrADCSNk8sQ==}
    engines: {node: '>=8.0'}
    dependencies:
      is-number: 7.0.0
    dev: true

  /touch@3.1.1:
    resolution: {integrity: sha512-r0eojU4bI8MnHr8c5bNo7lJDdI2qXlWWJk6a9EAFG7vbhTjElYhBVS3/miuE0uOuoLdb8Mc/rVfsmm6eo5o9GA==}
    hasBin: true
    dev: true

  /tr46@0.0.3:
    resolution: {integrity: sha512-N3WMsuqV66lT30CrXNbEjx4GEwlow3v6rr4mCcv6prnfwhS01rkgyFdjPNBYd9br7LpXV1+Emh01fHnq2Gdgrw==}
    dev: false

  /ts-mixer@6.0.4:
    resolution: {integrity: sha512-ufKpbmrugz5Aou4wcr5Wc1UUFWOLhq+Fm6qa6P0w0K5Qw2yhaUoiWszhCVuNQyNwrlGiscHOmqYoAox1PtvgjA==}
    dev: false

  /tslib@2.6.2:
    resolution: {integrity: sha512-AEYxH93jGFPn/a2iVAwW87VuUIkR1FVUKB77NwMF7nBTDkDrrT/Hpt/IrCJ0QXhW27jTBDcf5ZY7w6RiqTMw2Q==}
    dev: false

  /tslib@2.6.3:
    resolution: {integrity: sha512-xNvxJEOUiWPGhUuUdQgAJPKOOJfGnIyKySOc09XkKsgdUV/3E2zvwZYdejjmRgPCgcym1juLH3226yA7sEFJKQ==}
    dev: false

  /typescript@5.5.4:
    resolution: {integrity: sha512-Mtq29sKDAEYP7aljRgtPOpTvOfbwRWlS6dPRzwjdE+C0R4brX/GUyhHSecbHMFLNBLcJIPt9nl9yG5TZ1weH+Q==}
    engines: {node: '>=14.17'}
    hasBin: true
    dev: true

  /undefsafe@2.0.5:
    resolution: {integrity: sha512-WxONCrssBM8TSPRqN5EmsjVrsv4A8X12J4ArBiiayv3DyyG3ZlIg6yysuuSYdZsVz3TKcTg2fd//Ujd4CHV1iA==}
    dev: true

  /undici-types@6.11.1:
    resolution: {integrity: sha512-mIDEX2ek50x0OlRgxryxsenE5XaQD4on5U2inY7RApK3SOJpofyw7uW2AyfMKkhAxXIceo2DeWGVGwyvng1GNQ==}

  /undici@6.13.0:
    resolution: {integrity: sha512-Q2rtqmZWrbP8nePMq7mOJIN98M0fYvSgV89vwl/BQRT4mDOeY2GXZngfGpcBBhtky3woM7G24wZV3Q304Bv6cw==}
    engines: {node: '>=18.0'}
    dev: false

  /undici@6.19.4:
    resolution: {integrity: sha512-i3uaEUwNdkRq2qtTRRJb13moW5HWqviu7Vl7oYRYz++uPtGHJj+x7TGjcEuwS5Mt2P4nA0U9dhIX3DdB6JGY0g==}
    engines: {node: '>=18.17'}
    dev: false

  /webidl-conversions@3.0.1:
    resolution: {integrity: sha512-2JAn3z8AR6rjK8Sm8orRC0h/bcl/DqL7tRPdGZ4I1CjdF+EaMLmYxBHyXuKL849eucPFhvBoxMsflfOb8kxaeQ==}
    dev: false

  /whatwg-url@5.0.0:
    resolution: {integrity: sha512-saE57nupxk6v3HY35+jzBwYa0rKSy0XR8JSxZPwgLr7ys0IBzhGviA1/TUGJLmSVqs8pb9AnvICXEuOHLprYTw==}
    dependencies:
      tr46: 0.0.3
      webidl-conversions: 3.0.1
    dev: false

  /which@2.0.2:
    resolution: {integrity: sha512-BLI3Tl1TW3Pvl70l3yq3Y64i+awpwXqsGBYWkkqMtnbXgrMD+yj7rhW0kuEDxzJaYXGjEW5ogapKNMEKNMjibA==}
    engines: {node: '>= 8'}
    hasBin: true
    dependencies:
      isexe: 2.0.0
    dev: false

  /ws@8.18.0:
    resolution: {integrity: sha512-8VbfWfHLbbwu3+N6OKsOMpBdT4kXPDDB9cJk2bJ6mh9ucxdlnNvH1e+roYkKmN9Nxw2yjz7VzeO9oOz2zJ04Pw==}
    engines: {node: '>=10.0.0'}
    peerDependencies:
      bufferutil: ^4.0.1
      utf-8-validate: '>=5.0.2'
    peerDependenciesMeta:
      bufferutil:
        optional: true
      utf-8-validate:
        optional: true
    dev: false

  /xtend@4.0.2:
    resolution: {integrity: sha512-LKYU1iAXJXUgAXn9URjiu+MWhyUXHsvfp7mcuYm9dSUKK0/CjtrUwFAxD82/mCWbtLsGjFIad0wIsod4zrTAEQ==}
    engines: {node: '>=0.4'}
    dev: false

  /yaml@2.5.0:
    resolution: {integrity: sha512-2wWLbGbYDiSqqIKoPjar3MPgB94ErzCtrNE1FdqGuaO0pi2JGjmE8aW8TDZwzU7vuxcGRdL/4gPQwQ7hD5AMSw==}
    engines: {node: '>= 14'}
    hasBin: true
    dev: false
