lockfileVersion: 5.3

specifiers:
  '@discordjs/builders': ^0.12.0
  '@discordjs/rest': ^0.3.0
  '@splatterxl/tsconfig': 1.1.1
  '@types/fuzzy-search': ^2.1.2
  '@types/node': 17.0.23
  discord-api-types: ^0.30.0
  discord.js: ^14.0.0-dev.1648166883.cedd053
  fuzzy-search: ^3.2.1
  kleur: ^4.1.4
  murmur-32: ^1.0.0
  tslib: ^2.3.1
  typescript: 4.6.3
  undici: ^5.0.0

dependencies:
  '@discordjs/builders': 0.12.0
  '@discordjs/rest': 0.3.0
  '@types/fuzzy-search': 2.1.2
  discord-api-types: 0.30.0
  discord.js: 14.0.0-dev.1648166883.cedd053
  fuzzy-search: 3.2.1
  kleur: 4.1.4
  murmur-32: 1.0.0
  tslib: 2.3.1
  undici: 5.0.0

devDependencies:
  '@splatterxl/tsconfig': 1.1.1
  '@types/node': 17.0.23
  typescript: 4.6.3

packages:

  /@discordjs/builders/0.12.0:
    resolution: {integrity: sha512-Vx2MjUZd6QVo1uS2uWt708Fd6cHWGFblAvbpL5EBO+kLl0BADmPwwvts+YJ/VfSywed6Vsk6K2cEooR/Ytjhjw==}
    engines: {node: '>=16.9.0'}
    dependencies:
      '@sindresorhus/is': 4.6.0
      discord-api-types: 0.26.1
      ts-mixer: 6.0.1
      tslib: 2.3.1
      zod: 3.14.2
    dev: false

  /@discordjs/builders/0.13.0-dev.1648166909.cedd053:
    resolution: {integrity: sha512-v81f+RKmuQlfE4R4T6+CNmEkdhlI8WktriPM5P0bgrXCxVBvHU9lCYkxlsJLn3VYIp5LpVQsa74XbsnlcnuJ5A==}
    engines: {node: '>=16.9.0'}
    dependencies:
      '@sindresorhus/is': 4.6.0
      discord-api-types: 0.29.0
      fast-deep-equal: 3.1.3
      ts-mixer: 6.0.1
      tslib: 2.3.1
      zod: 3.14.2
    dev: false

  /@discordjs/collection/0.4.0:
    resolution: {integrity: sha512-zmjq+l/rV35kE6zRrwe8BHqV78JvIh2ybJeZavBi5NySjWXqN3hmmAKg7kYMMXSeiWtSsMoZ/+MQi0DiQWy2lw==}
    engines: {node: '>=16.0.0', npm: '>=7.0.0'}
    dev: false

  /@discordjs/collection/0.6.0-dev.1648166880.cedd053:
    resolution: {integrity: sha512-YMRlMEFokMflYH/0yEyZr/z/ADaDOkO+iHp6Zp2S9hceMcNY36QZR4vsZuTz4JWufwyZ/RjX2x14Em4u3Hlqqw==}
    engines: {node: '>=16.9.0'}
    dev: false

  /@discordjs/rest/0.3.0:
    resolution: {integrity: sha512-F9aeP3odlAlllM1ciBZLdd+adiAyBj4VaZBejj4UMj4afE2wfCkNTGvYYiRxrXUE9fN7e/BuDP2ePl0tVA2m7Q==}
    engines: {node: '>=16.9.0'}
    dependencies:
      '@discordjs/collection': 0.4.0
      '@sapphire/async-queue': 1.3.0
      '@sapphire/snowflake': 3.2.0
      discord-api-types: 0.26.1
      form-data: 4.0.0
      node-fetch: 2.6.7
      tslib: 2.3.1
    transitivePeerDependencies:
      - encoding
    dev: false

  /@discordjs/rest/0.4.0-dev.1648166871.cedd053:
    resolution: {integrity: sha512-O/RqL3CjLJH10JNIY5jYn3U52XMcM+O+M5KVib+Fbd6Xi3db0cETCN9W0Ki70HGh7nCfFV2pSGbkStxF3sxNtQ==}
    engines: {node: '>=16.9.0'}
    dependencies:
      '@discordjs/collection': 0.6.0-dev.1648166880.cedd053
      '@sapphire/async-queue': 1.3.0
      '@sapphire/snowflake': 3.2.0
      '@types/node-fetch': 2.6.1
      discord-api-types: 0.29.0
      form-data: 4.0.0
      node-fetch: 2.6.7
      tslib: 2.3.1
    transitivePeerDependencies:
      - encoding
    dev: false

  /@sapphire/async-queue/1.3.0:
    resolution: {integrity: sha512-z+CDw5X4UgIEpZL8KM+ThVx1i8V60HBg0l/oFewTNbQQeRDJHdVxHyJykv+SF1H+Rc8EkMS81VTWo95jVYgO/g==}
    engines: {node: '>=v14.0.0', npm: '>=7.0.0'}
    dev: false

  /@sapphire/snowflake/3.2.0:
    resolution: {integrity: sha512-tfHzY+6/5bbHdB+uNqsEQ5rhjaZAoFUrqP/l1S5jwxMdKeSCIiGkJjcE99/WGGdzyWGjTNgNVX/dt4Me/FdMlg==}
    engines: {node: '>=v14.0.0', npm: '>=7.0.0'}
    dev: false

  /@sindresorhus/is/4.6.0:
    resolution: {integrity: sha512-t09vSN3MdfsyCHoFcTRCH/iUtG7OJ0CsjzB8cjAmKc/va/kIgeDI/TxsigdncE/4be734m0cvIYwNaV4i2XqAw==}
    engines: {node: '>=10'}
    dev: false

  /@splatterxl/tsconfig/1.1.1:
    resolution: {integrity: sha512-anf9YMKGxb6UDhdwE6NC29epUm6HG9kRgopYRDMiIgZutjZGPmW1m0dFvTsKpersLRtUIN/im2FQWOnzNB0x/g==}
    engines: {node: '>=14'}
    dev: true

  /@types/fuzzy-search/2.1.2:
    resolution: {integrity: sha512-YOqA50Z3xcycm4Br5+MBUpSumfdOAcv34A8A8yFn62zBQPTzJSXQk11qYE5w8BWQ0KrVThXUgEQh7ZLrYI1NaQ==}
    dev: false

  /@types/node-fetch/2.6.1:
    resolution: {integrity: sha512-oMqjURCaxoSIsHSr1E47QHzbmzNR5rK8McHuNb11BOM9cHcIK3Avy0s/b2JlXHoQGTYS3NsvWzV1M0iK7l0wbA==}
    dependencies:
      '@types/node': 17.0.23
      form-data: 3.0.1
    dev: false

  /@types/node/17.0.23:
    resolution: {integrity: sha512-UxDxWn7dl97rKVeVS61vErvw086aCYhDLyvRQZ5Rk65rZKepaFdm53GeqXaKBuOhED4e9uWq34IC3TdSdJJ2Gw==}

  /@types/ws/8.5.3:
    resolution: {integrity: sha512-6YOoWjruKj1uLf3INHH7D3qTXwFfEsg1kf3c0uDdSBJwfa/llkwIjrAGV7j7mVgGNbzTQ3HiHKKDXl6bJPD97w==}
    dependencies:
      '@types/node': 17.0.23
    dev: false

  /asynckit/0.4.0:
    resolution: {integrity: sha1-x57Zf380y48robyXkLzDZkdLS3k=}
    dev: false

  /combined-stream/1.0.8:
    resolution: {integrity: sha512-FQN4MRfuJeHf7cBbBMJFXhKSDq+2kAArBlmRBvcvFE5BB1HZKXtSFASDhdlz9zOYwxh8lDdnvmMOe/+5cdoEdg==}
    engines: {node: '>= 0.8'}
    dependencies:
      delayed-stream: 1.0.0
    dev: false

  /delayed-stream/1.0.0:
    resolution: {integrity: sha1-3zrhmayt+31ECqrgsp4icrJOxhk=}
    engines: {node: '>=0.4.0'}
    dev: false

  /discord-api-types/0.26.1:
    resolution: {integrity: sha512-T5PdMQ+Y1MEECYMV5wmyi9VEYPagEDEi4S0amgsszpWY0VB9JJ/hEvM6BgLhbdnKky4gfmZEXtEEtojN8ZKJQQ==}
    engines: {node: '>=12'}
    dev: false

  /discord-api-types/0.29.0:
    resolution: {integrity: sha512-Ekq1ICNpOTVajXKZguNFrsDeTmam+ZeA38txsNLZnANdXUjU6QBPIZLUQTC6MzigFGb0Tt8vk4xLnXmzv0shNg==}
    dev: false

  /discord-api-types/0.30.0:
    resolution: {integrity: sha512-wYst0jrT8EJs2tVlwUTQ2xT0oWMjUrRMpFTkNY3NMleWyQNHgWaKhqFfxdLPdC2im9IuR5EsxcEgjhf/npeftw==}
    dev: false

  /discord.js/14.0.0-dev.1648166883.cedd053:
    resolution: {integrity: sha512-Vu0QAbDeJjwRqNyUMKHWbMe0dSLoXBsbu+EVo48awNcikdGUET/NW/F5U1JnmB4IJ8bZgufHZwv51169Srllag==}
    engines: {node: '>=16.9.0'}
    dependencies:
      '@discordjs/builders': 0.13.0-dev.1648166909.cedd053
      '@discordjs/collection': 0.6.0-dev.1648166880.cedd053
      '@discordjs/rest': 0.4.0-dev.1648166871.cedd053
      '@sapphire/snowflake': 3.2.0
      '@types/ws': 8.5.3
      discord-api-types: 0.29.0
      fast-deep-equal: 3.1.3
      lodash.snakecase: 4.1.1
      undici: 4.16.0
      ws: 8.5.0
    transitivePeerDependencies:
      - bufferutil
      - encoding
      - utf-8-validate
    dev: false

  /encode-utf8/2.0.0:
    resolution: {integrity: sha512-3EyMFxZj1/7oMotElDQUEQcP7N4TIe1aJ0m1uBDoyQ8I2LBHhBsXx8P3KsPbqNlGzG+NYxFwEauUwMPHZg3YDQ==}
    engines: {node: ^12.20.0 || ^14.13.1 || >=16.0.0}
    dev: false

  /fast-deep-equal/3.1.3:
    resolution: {integrity: sha512-f3qQ9oQy9j2AhBe/H9VC91wLmKBCCU/gDOnKNAYG5hswO7BLKj09Hc5HYNz9cGI++xlpDCIgDaitVs03ATR84Q==}
    dev: false

  /fmix/1.0.0:
    resolution: {integrity: sha512-PIaqOGvVH5P+R92Ywy5PumsNEHvondVQh42SGOmkA9A0ZTFbfguzZpjZ/Gy3WVRUqT9Ia8k5tWlJeiZQzRHA7g==}
    engines: {node: ^12.20.0 || ^14.13.1 || >=16.0.0}
    dev: false

  /form-data/3.0.1:
    resolution: {integrity: sha512-RHkBKtLWUVwd7SqRIvCZMEvAMoGUp0XU+seQiZejj0COz3RI3hWP4sCv3gZWWLjJTd7rGwcsF5eKZGii0r/hbg==}
    engines: {node: '>= 6'}
    dependencies:
      asynckit: 0.4.0
      combined-stream: 1.0.8
      mime-types: 2.1.35
    dev: false

  /form-data/4.0.0:
    resolution: {integrity: sha512-ETEklSGi5t0QMZuiXoA/Q6vcnxcLQP5vdugSpuAyi6SVGi2clPPp+xgEhuMaHC+zGgn31Kd235W35f7Hykkaww==}
    engines: {node: '>= 6'}
    dependencies:
      asynckit: 0.4.0
      combined-stream: 1.0.8
      mime-types: 2.1.35
    dev: false

  /fuzzy-search/3.2.1:
    resolution: {integrity: sha512-vAcPiyomt1ioKAsAL2uxSABHJ4Ju/e4UeDM+g1OlR0vV4YhLGMNsdLNvZTpEDY4JCSt0E4hASCNM5t2ETtsbyg==}
    dev: false

  /kleur/4.1.4:
    resolution: {integrity: sha512-8QADVssbrFjivHWQU7KkMgptGTl6WAcSdlbBPY4uNF+mWr6DGcKrvY2w4FQJoXch7+fKMjj0dRrL75vk3k23OA==}
    engines: {node: '>=6'}
    dev: false

  /lodash.snakecase/4.1.1:
    resolution: {integrity: sha1-OdcUo1NXFHg3rv1ktdy7Fr7Nj40=}
    dev: false

  /mime-db/1.52.0:
    resolution: {integrity: sha512-sPU4uV7dYlvtWJxwwxHD0PuihVNiE7TyAbQ5SWxDCB9mUYvOgroQOwYQQOKPJ8CIbE+1ETVlOoK1UC2nU3gYvg==}
    engines: {node: '>= 0.6'}
    dev: false

  /mime-types/2.1.35:
    resolution: {integrity: sha512-ZDY+bPm5zTTF+YpCrAU9nK0UgICYPT0QtT1NZWFv4s++TNkcgVaT0g6+4R2uI4MjQjzysHB1zxuWL50hzaeXiw==}
    engines: {node: '>= 0.6'}
    dependencies:
      mime-db: 1.52.0
    dev: false

  /murmur-32/1.0.0:
    resolution: {integrity: sha512-l6QKUGWXzZWHash7lmZzycpIifOrnc3PeMaoFrMv90c+xqOyOSzJU0q2T/1d15MzAdEWTpCh1paC855APqt1Gw==}
    engines: {node: ^12.20.0 || ^14.13.1 || >=16.0.0}
    dependencies:
      encode-utf8: 2.0.0
      fmix: 1.0.0
    dev: false

  /node-fetch/2.6.7:
    resolution: {integrity: sha512-ZjMPFEfVx5j+y2yF35Kzx5sF7kDzxuDj6ziH4FFbOp87zKDZNx8yExJIb05OGF4Nlt9IHFIMBkRl41VdvcNdbQ==}
    engines: {node: 4.x || >=6.0.0}
    peerDependencies:
      encoding: ^0.1.0
    peerDependenciesMeta:
      encoding:
        optional: true
    dependencies:
      whatwg-url: 5.0.0
    dev: false

  /tr46/0.0.3:
    resolution: {integrity: sha1-gYT9NH2snNwYWZLzpmIuFLnZq2o=}
    dev: false

  /ts-mixer/6.0.1:
    resolution: {integrity: sha512-hvE+ZYXuINrx6Ei6D6hz+PTim0Uf++dYbK9FFifLNwQj+RwKquhQpn868yZsCtJYiclZF1u8l6WZxxKi+vv7Rg==}
    dev: false

  /tslib/2.3.1:
    resolution: {integrity: sha512-77EbyPPpMz+FRFRuAFlWMtmgUWGe9UOG2Z25NqCwiIjRhOf5iKGuzSe5P2w1laq+FkRy4p+PCuVkJSGkzTEKVw==}
    dev: false

  /typescript/4.6.3:
    resolution: {integrity: sha512-yNIatDa5iaofVozS/uQJEl3JRWLKKGJKh6Yaiv0GLGSuhpFJe7P3SbHZ8/yjAHRQwKRoA6YZqlfjXWmVzoVSMw==}
    engines: {node: '>=4.2.0'}
    hasBin: true
    dev: true

  /undici/4.16.0:
    resolution: {integrity: sha512-tkZSECUYi+/T1i4u+4+lwZmQgLXd4BLGlrc7KZPcLIW7Jpq99+Xpc30ONv7nS6F5UNOxp/HBZSSL9MafUrvJbw==}
    engines: {node: '>=12.18'}
    dev: false

  /undici/5.0.0:
    resolution: {integrity: sha512-VhUpiZ3No1DOPPQVQnsDZyfcbTTcHdcgWej1PdFnSvOeJmOVDgiOHkunJmBLfmjt4CqgPQddPVjSWW0dsTs5Yg==}
    engines: {node: '>=12.18'}
    dev: false

  /webidl-conversions/3.0.1:
    resolution: {integrity: sha1-JFNCdeKnvGvnvIZhHMFq4KVlSHE=}
    dev: false

  /whatwg-url/5.0.0:
    resolution: {integrity: sha1-lmRU6HZUYuN2RNNib2dCzotwll0=}
    dependencies:
      tr46: 0.0.3
      webidl-conversions: 3.0.1
    dev: false

  /ws/8.5.0:
    resolution: {integrity: sha512-BWX0SWVgLPzYwF8lTzEy1egjhS4S4OEAHfsO8o65WOVsrnSRGaSiUaa9e0ggGlkMTtBlmOpEXiie9RUcBO86qg==}
    engines: {node: '>=10.0.0'}
    peerDependencies:
      bufferutil: ^4.0.1
      utf-8-validate: ^5.0.2
    peerDependenciesMeta:
      bufferutil:
        optional: true
      utf-8-validate:
        optional: true
    dev: false

  /zod/3.14.2:
    resolution: {integrity: sha512-iF+wrtzz7fQfkmn60PG6XFxaWBhYYKzp2i+nv24WbLUWb2JjymdkHlzBwP0erpc78WotwP5g9AAu7Sk8GWVVNw==}
    dev: false
